// !$*UTF8*$!
{
	archiveVersion = 1;
	classes = {
	};
	objectVersion = 46;
	objects = {

/* Begin PBXBuildFile section */
		394EF14514229BB00005C045 /* FKBaseViewController.m in Sources */ = {isa = PBXBuildFile; fileRef = 394EF14314229BB00005C045 /* FKBaseViewController.m */; };
		394EF1991422A2670005C045 /* FKBaseTableViewController.m in Sources */ = {isa = PBXBuildFile; fileRef = 394EF1981422A2670005C045 /* FKBaseTableViewController.m */; };
		39581C72142299BE00146B4F /* UIKit.framework in Frameworks */ = {isa = PBXBuildFile; fileRef = 39581C71142299BE00146B4F /* UIKit.framework */; };
		39581C74142299BE00146B4F /* Foundation.framework in Frameworks */ = {isa = PBXBuildFile; fileRef = 39581C73142299BE00146B4F /* Foundation.framework */; };
		39581C7A142299BE00146B4F /* InfoPlist.strings in Resources */ = {isa = PBXBuildFile; fileRef = 39581C78142299BE00146B4F /* InfoPlist.strings */; };
		39581C7C142299BE00146B4F /* main.m in Sources */ = {isa = PBXBuildFile; fileRef = 39581C7B142299BE00146B4F /* main.m */; };
		39581C80142299BE00146B4F /* AppDelegate.m in Sources */ = {isa = PBXBuildFile; fileRef = 39581C7F142299BE00146B4F /* AppDelegate.m */; };
		397F80E51425EA4B006B98BD /* MessageUI.framework in Frameworks */ = {isa = PBXBuildFile; fileRef = 397F80E41425EA4B006B98BD /* MessageUI.framework */; };
		397F80E71425EA65006B98BD /* AudioToolbox.framework in Frameworks */ = {isa = PBXBuildFile; fileRef = 397F80E61425EA65006B98BD /* AudioToolbox.framework */; };
		39DF5D191424AC5200090805 /* libiOSKit.a in Frameworks */ = {isa = PBXBuildFile; fileRef = 39DF5D131424AC3800090805 /* libiOSKit.a */; };
		39DF5D391424AD9800090805 /* CoreGraphics.framework in Frameworks */ = {isa = PBXBuildFile; fileRef = 39DF5D381424AD9800090805 /* CoreGraphics.framework */; };
		39DF5D3B1424ADA100090805 /* QuartzCore.framework in Frameworks */ = {isa = PBXBuildFile; fileRef = 39DF5D3A1424ADA100090805 /* QuartzCore.framework */; };
		39DF5D6A1424B1D200090805 /* libBlocksKit.a in Frameworks */ = {isa = PBXBuildFile; fileRef = 39DF5D5B1424B1AA00090805 /* libBlocksKit.a */; };
		39DF5D701424B24900090805 /* CoreData.framework in Frameworks */ = {isa = PBXBuildFile; fileRef = 39DF5D6F1424B24900090805 /* CoreData.framework */; };
		39DF5E121424CCAC00090805 /* NSUserDefaults+FKAppAdditions.m in Sources */ = {isa = PBXBuildFile; fileRef = 39DF5E111424CCAC00090805 /* NSUserDefaults+FKAppAdditions.m */; };
/* End PBXBuildFile section */

/* Begin PBXContainerItemProxy section */
		39DF5D121424AC3800090805 /* PBXContainerItemProxy */ = {
			isa = PBXContainerItemProxy;
			containerPortal = 39DF5D071424AC3700090805 /* iOSKit.xcodeproj */;
			proxyType = 2;
			remoteGlobalIDString = 39F5165F13C8E3F3008A9732;
			remoteInfo = iOSKit;
		};
		39DF5D171424AC4B00090805 /* PBXContainerItemProxy */ = {
			isa = PBXContainerItemProxy;
			containerPortal = 39DF5D071424AC3700090805 /* iOSKit.xcodeproj */;
			proxyType = 1;
			remoteGlobalIDString = 39F5165E13C8E3F3008A9732;
			remoteInfo = iOSKit;
		};
		39DF5D5A1424B1AA00090805 /* PBXContainerItemProxy */ = {
			isa = PBXContainerItemProxy;
			containerPortal = 39DF5D471424B1A800090805 /* BlocksKit.xcodeproj */;
			proxyType = 2;
			remoteGlobalIDString = 6C3DBF8D1382F1BA00E6C9AA;
			remoteInfo = BlocksKit;
		};
		39DF5D5C1424B1AA00090805 /* PBXContainerItemProxy */ = {
			isa = PBXContainerItemProxy;
			containerPortal = 39DF5D471424B1A800090805 /* BlocksKit.xcodeproj */;
			proxyType = 2;
			remoteGlobalIDString = 6CC08FCE1385555D00DDEABB;
			remoteInfo = "BlocksKit Mac";
		};
		39DF5D5E1424B1AA00090805 /* PBXContainerItemProxy */ = {
			isa = PBXContainerItemProxy;
			containerPortal = 39DF5D471424B1A800090805 /* BlocksKit.xcodeproj */;
			proxyType = 2;
			remoteGlobalIDString = 6CC0900913855CAE00DDEABB;
			remoteInfo = "BlocksKit Chameleon";
		};
		39DF5D601424B1AA00090805 /* PBXContainerItemProxy */ = {
			isa = PBXContainerItemProxy;
			containerPortal = 39DF5D471424B1A800090805 /* BlocksKit.xcodeproj */;
			proxyType = 2;
			remoteGlobalIDString = 60FF000713C023CB004A1394;
			remoteInfo = Tests;
		};
		39DF5D681424B1BC00090805 /* PBXContainerItemProxy */ = {
			isa = PBXContainerItemProxy;
			containerPortal = 39DF5D471424B1A800090805 /* BlocksKit.xcodeproj */;
			proxyType = 1;
			remoteGlobalIDString = 6C3DBF8C1382F1BA00E6C9AA;
			remoteInfo = BlocksKit;
		};
/* End PBXContainerItemProxy section */

/* Begin PBXFileReference section */
		394EF14214229BB00005C045 /* FKBaseViewController.h */ = {isa = PBXFileReference; fileEncoding = 4; lastKnownFileType = sourcecode.c.h; path = FKBaseViewController.h; sourceTree = "<group>"; };
		394EF14314229BB00005C045 /* FKBaseViewController.m */ = {isa = PBXFileReference; fileEncoding = 4; lastKnownFileType = sourcecode.c.objc; path = FKBaseViewController.m; sourceTree = "<group>"; };
		394EF14414229BB00005C045 /* FKIncludes.h */ = {isa = PBXFileReference; fileEncoding = 4; lastKnownFileType = sourcecode.c.h; name = FKIncludes.h; path = Sources/FKIncludes.h; sourceTree = "<group>"; };
		394EF1971422A2670005C045 /* FKBaseTableViewController.h */ = {isa = PBXFileReference; fileEncoding = 4; lastKnownFileType = sourcecode.c.h; path = FKBaseTableViewController.h; sourceTree = "<group>"; };
		394EF1981422A2670005C045 /* FKBaseTableViewController.m */ = {isa = PBXFileReference; fileEncoding = 4; lastKnownFileType = sourcecode.c.objc; path = FKBaseTableViewController.m; sourceTree = "<group>"; };
		394EF19B1422A2A90005C045 /* FKDefines.h */ = {isa = PBXFileReference; fileEncoding = 4; lastKnownFileType = sourcecode.c.h; name = FKDefines.h; path = Sources/FKDefines.h; sourceTree = "<group>"; };
		39581C6D142299BE00146B4F /* App.app */ = {isa = PBXFileReference; explicitFileType = wrapper.application; includeInIndex = 0; path = App.app; sourceTree = BUILT_PRODUCTS_DIR; };
		39581C71142299BE00146B4F /* UIKit.framework */ = {isa = PBXFileReference; lastKnownFileType = wrapper.framework; name = UIKit.framework; path = System/Library/Frameworks/UIKit.framework; sourceTree = SDKROOT; };
		39581C73142299BE00146B4F /* Foundation.framework */ = {isa = PBXFileReference; lastKnownFileType = wrapper.framework; name = Foundation.framework; path = System/Library/Frameworks/Foundation.framework; sourceTree = SDKROOT; };
		39581C77142299BE00146B4F /* Info.plist */ = {isa = PBXFileReference; lastKnownFileType = text.plist.xml; path = Info.plist; sourceTree = "<group>"; };
		39581C79142299BE00146B4F /* en */ = {isa = PBXFileReference; lastKnownFileType = text.plist.strings; name = en; path = en.lproj/InfoPlist.strings; sourceTree = "<group>"; };
		39581C7B142299BE00146B4F /* main.m */ = {isa = PBXFileReference; lastKnownFileType = sourcecode.c.objc; path = main.m; sourceTree = "<group>"; };
		39581C7D142299BE00146B4F /* Prefix.pch */ = {isa = PBXFileReference; lastKnownFileType = sourcecode.c.h; path = Prefix.pch; sourceTree = "<group>"; };
		39581C7E142299BE00146B4F /* AppDelegate.h */ = {isa = PBXFileReference; lastKnownFileType = sourcecode.c.h; path = AppDelegate.h; sourceTree = "<group>"; };
		39581C7F142299BE00146B4F /* AppDelegate.m */ = {isa = PBXFileReference; lastKnownFileType = sourcecode.c.objc; path = AppDelegate.m; sourceTree = "<group>"; };
		397F80E41425EA4B006B98BD /* MessageUI.framework */ = {isa = PBXFileReference; lastKnownFileType = wrapper.framework; name = MessageUI.framework; path = System/Library/Frameworks/MessageUI.framework; sourceTree = SDKROOT; };
		397F80E61425EA65006B98BD /* AudioToolbox.framework */ = {isa = PBXFileReference; lastKnownFileType = wrapper.framework; name = AudioToolbox.framework; path = System/Library/Frameworks/AudioToolbox.framework; sourceTree = SDKROOT; };
		39DF5D071424AC3700090805 /* iOSKit.xcodeproj */ = {isa = PBXFileReference; lastKnownFileType = "wrapper.pb-project"; name = iOSKit.xcodeproj; path = ../iOSKit/iOSKit.xcodeproj; sourceTree = "<group>"; };
		39DF5D381424AD9800090805 /* CoreGraphics.framework */ = {isa = PBXFileReference; lastKnownFileType = wrapper.framework; name = CoreGraphics.framework; path = System/Library/Frameworks/CoreGraphics.framework; sourceTree = SDKROOT; };
		39DF5D3A1424ADA100090805 /* QuartzCore.framework */ = {isa = PBXFileReference; lastKnownFileType = wrapper.framework; name = QuartzCore.framework; path = System/Library/Frameworks/QuartzCore.framework; sourceTree = SDKROOT; };
		39DF5D471424B1A800090805 /* BlocksKit.xcodeproj */ = {isa = PBXFileReference; lastKnownFileType = "wrapper.pb-project"; name = BlocksKit.xcodeproj; path = ../BlocksKit/BlocksKit.xcodeproj; sourceTree = "<group>"; };
		39DF5D6F1424B24900090805 /* CoreData.framework */ = {isa = PBXFileReference; lastKnownFileType = wrapper.framework; name = CoreData.framework; path = System/Library/Frameworks/CoreData.framework; sourceTree = SDKROOT; };
		39DF5E101424CCAC00090805 /* NSUserDefaults+FKAppAdditions.h */ = {isa = PBXFileReference; fileEncoding = 4; lastKnownFileType = sourcecode.c.h; name = "NSUserDefaults+FKAppAdditions.h"; path = "App/Sources/Categories/NSUserDefaults+FKAppAdditions.h"; sourceTree = "<group>"; };
		39DF5E111424CCAC00090805 /* NSUserDefaults+FKAppAdditions.m */ = {isa = PBXFileReference; fileEncoding = 4; lastKnownFileType = sourcecode.c.objc; name = "NSUserDefaults+FKAppAdditions.m"; path = "App/Sources/Categories/NSUserDefaults+FKAppAdditions.m"; sourceTree = "<group>"; };
/* End PBXFileReference section */

/* Begin PBXFrameworksBuildPhase section */
		39581C6A142299BE00146B4F /* Frameworks */ = {
			isa = PBXFrameworksBuildPhase;
			buildActionMask = 2147483647;
			files = (
				397F80E71425EA65006B98BD /* AudioToolbox.framework in Frameworks */,
				397F80E51425EA4B006B98BD /* MessageUI.framework in Frameworks */,
				39DF5D701424B24900090805 /* CoreData.framework in Frameworks */,
				39DF5D6A1424B1D200090805 /* libBlocksKit.a in Frameworks */,
				39DF5D3B1424ADA100090805 /* QuartzCore.framework in Frameworks */,
				39DF5D391424AD9800090805 /* CoreGraphics.framework in Frameworks */,
				39DF5D191424AC5200090805 /* libiOSKit.a in Frameworks */,
				39581C72142299BE00146B4F /* UIKit.framework in Frameworks */,
				39581C74142299BE00146B4F /* Foundation.framework in Frameworks */,
			);
			runOnlyForDeploymentPostprocessing = 0;
		};
/* End PBXFrameworksBuildPhase section */

/* Begin PBXGroup section */
		394EF14114229BB00005C045 /* View Controller */ = {
			isa = PBXGroup;
			children = (
				394EF19A1422A26C0005C045 /* Base */,
			);
			name = "View Controller";
			path = "App/Sources/View Controller";
			sourceTree = "<group>";
		};
		394EF19A1422A26C0005C045 /* Base */ = {
			isa = PBXGroup;
			children = (
				394EF14214229BB00005C045 /* FKBaseViewController.h */,
				394EF14314229BB00005C045 /* FKBaseViewController.m */,
				394EF1971422A2670005C045 /* FKBaseTableViewController.h */,
				394EF1981422A2670005C045 /* FKBaseTableViewController.m */,
			);
			name = Base;
			sourceTree = "<group>";
		};
		39581C62142299BE00146B4F = {
			isa = PBXGroup;
			children = (
				39DF5E0F1424CC8100090805 /* Categories */,
				39DF5E0E1424CC7700090805 /* Utilities */,
				39DF5E0D1424CC6F00090805 /* Network */,
				39DF5E0C1424CC5A00090805 /* Model */,
				39DF5E0B1424CC4900090805 /* Views */,
				394EF14114229BB00005C045 /* View Controller */,
				39581C75142299BE00146B4F /* App */,
				39581C70142299BE00146B4F /* Frameworks */,
				39581C6E142299BE00146B4F /* Products */,
			);
			sourceTree = "<group>";
		};
		39581C6E142299BE00146B4F /* Products */ = {
			isa = PBXGroup;
			children = (
				39581C6D142299BE00146B4F /* App.app */,
			);
			name = Products;
			sourceTree = "<group>";
		};
		39581C70142299BE00146B4F /* Frameworks */ = {
			isa = PBXGroup;
			children = (
				397F80E61425EA65006B98BD /* AudioToolbox.framework */,
				39DF5D6F1424B24900090805 /* CoreData.framework */,
				39DF5D381424AD9800090805 /* CoreGraphics.framework */,
				39581C73142299BE00146B4F /* Foundation.framework */,
				397F80E41425EA4B006B98BD /* MessageUI.framework */,
				39DF5D3A1424ADA100090805 /* QuartzCore.framework */,
				39581C71142299BE00146B4F /* UIKit.framework */,
				39DF5D471424B1A800090805 /* BlocksKit.xcodeproj */,
				39DF5D071424AC3700090805 /* iOSKit.xcodeproj */,
			);
			name = Frameworks;
			sourceTree = "<group>";
		};
		39581C75142299BE00146B4F /* App */ = {
			isa = PBXGroup;
			children = (
				39581C7E142299BE00146B4F /* AppDelegate.h */,
				39581C7F142299BE00146B4F /* AppDelegate.m */,
				394EF14414229BB00005C045 /* FKIncludes.h */,
				394EF19B1422A2A90005C045 /* FKDefines.h */,
				39581C76142299BE00146B4F /* Supporting Files */,
			);
			path = App;
			sourceTree = "<group>";
		};
		39581C76142299BE00146B4F /* Supporting Files */ = {
			isa = PBXGroup;
			children = (
				39581C77142299BE00146B4F /* Info.plist */,
				39581C78142299BE00146B4F /* InfoPlist.strings */,
				39581C7B142299BE00146B4F /* main.m */,
				39581C7D142299BE00146B4F /* Prefix.pch */,
			);
			name = "Supporting Files";
			sourceTree = "<group>";
		};
		39DF5D081424AC3700090805 /* Products */ = {
			isa = PBXGroup;
			children = (
				39DF5D131424AC3800090805 /* libiOSKit.a */,
			);
			name = Products;
			sourceTree = "<group>";
		};
		39DF5D481424B1A800090805 /* Products */ = {
			isa = PBXGroup;
			children = (
				39DF5D5B1424B1AA00090805 /* libBlocksKit.a */,
				39DF5D5D1424B1AA00090805 /* BlocksKit.dylib */,
				39DF5D5F1424B1AA00090805 /* BlocksKit_Chameleon.dylib */,
				39DF5D611424B1AA00090805 /* Tests.app */,
			);
			name = Products;
			sourceTree = "<group>";
		};
		39DF5E0B1424CC4900090805 /* Views */ = {
			isa = PBXGroup;
			children = (
			);
			name = Views;
			path = App;
			sourceTree = "<group>";
		};
		39DF5E0C1424CC5A00090805 /* Model */ = {
			isa = PBXGroup;
			children = (
			);
			name = Model;
			sourceTree = "<group>";
		};
		39DF5E0D1424CC6F00090805 /* Network */ = {
			isa = PBXGroup;
			children = (
			);
			name = Network;
			sourceTree = "<group>";
		};
		39DF5E0E1424CC7700090805 /* Utilities */ = {
			isa = PBXGroup;
			children = (
			);
			name = Utilities;
			sourceTree = "<group>";
		};
		39DF5E0F1424CC8100090805 /* Categories */ = {
			isa = PBXGroup;
			children = (
				39DF5E101424CCAC00090805 /* NSUserDefaults+FKAppAdditions.h */,
				39DF5E111424CCAC00090805 /* NSUserDefaults+FKAppAdditions.m */,
			);
			name = Categories;
			sourceTree = "<group>";
		};
/* End PBXGroup section */

/* Begin PBXNativeTarget section */
		39581C6C142299BE00146B4F /* App */ = {
			isa = PBXNativeTarget;
			buildConfigurationList = 39581C83142299BE00146B4F /* Build configuration list for PBXNativeTarget "App" */;
			buildPhases = (
				39581C69142299BE00146B4F /* Sources */,
				39581C6A142299BE00146B4F /* Frameworks */,
				39581C6B142299BE00146B4F /* Resources */,
			);
			buildRules = (
			);
			dependencies = (
				39DF5D691424B1BC00090805 /* PBXTargetDependency */,
				39DF5D181424AC4B00090805 /* PBXTargetDependency */,
			);
			name = App;
			productName = App;
			productReference = 39581C6D142299BE00146B4F /* App.app */;
			productType = "com.apple.product-type.application";
		};
/* End PBXNativeTarget section */

/* Begin PBXProject section */
		39581C64142299BE00146B4F /* Project object */ = {
			isa = PBXProject;
			attributes = {
				LastUpgradeCheck = 0420;
				ORGANIZATIONNAME = "NOUS Wissensmanagement GmbH";
			};
			buildConfigurationList = 39581C67142299BE00146B4F /* Build configuration list for PBXProject "App" */;
			compatibilityVersion = "Xcode 3.2";
			developmentRegion = English;
			hasScannedForEncodings = 0;
			knownRegions = (
				en,
			);
			mainGroup = 39581C62142299BE00146B4F;
			productRefGroup = 39581C6E142299BE00146B4F /* Products */;
			projectDirPath = "";
			projectReferences = (
				{
					ProductGroup = 39DF5D481424B1A800090805 /* Products */;
					ProjectRef = 39DF5D471424B1A800090805 /* BlocksKit.xcodeproj */;
				},
				{
					ProductGroup = 39DF5D081424AC3700090805 /* Products */;
					ProjectRef = 39DF5D071424AC3700090805 /* iOSKit.xcodeproj */;
				},
			);
			projectRoot = "";
			targets = (
				39581C6C142299BE00146B4F /* App */,
			);
		};
/* End PBXProject section */

/* Begin PBXReferenceProxy section */
		39DF5D131424AC3800090805 /* libiOSKit.a */ = {
			isa = PBXReferenceProxy;
			fileType = archive.ar;
			path = libiOSKit.a;
			remoteRef = 39DF5D121424AC3800090805 /* PBXContainerItemProxy */;
			sourceTree = BUILT_PRODUCTS_DIR;
		};
		39DF5D5B1424B1AA00090805 /* libBlocksKit.a */ = {
			isa = PBXReferenceProxy;
			fileType = archive.ar;
			path = libBlocksKit.a;
			remoteRef = 39DF5D5A1424B1AA00090805 /* PBXContainerItemProxy */;
			sourceTree = BUILT_PRODUCTS_DIR;
		};
		39DF5D5D1424B1AA00090805 /* BlocksKit.dylib */ = {
			isa = PBXReferenceProxy;
			fileType = "compiled.mach-o.dylib";
			path = BlocksKit.dylib;
			remoteRef = 39DF5D5C1424B1AA00090805 /* PBXContainerItemProxy */;
			sourceTree = BUILT_PRODUCTS_DIR;
		};
		39DF5D5F1424B1AA00090805 /* BlocksKit_Chameleon.dylib */ = {
			isa = PBXReferenceProxy;
			fileType = "compiled.mach-o.dylib";
			path = BlocksKit_Chameleon.dylib;
			remoteRef = 39DF5D5E1424B1AA00090805 /* PBXContainerItemProxy */;
			sourceTree = BUILT_PRODUCTS_DIR;
		};
		39DF5D611424B1AA00090805 /* Tests.app */ = {
			isa = PBXReferenceProxy;
			fileType = wrapper.application;
			path = Tests.app;
			remoteRef = 39DF5D601424B1AA00090805 /* PBXContainerItemProxy */;
			sourceTree = BUILT_PRODUCTS_DIR;
		};
/* End PBXReferenceProxy section */

/* Begin PBXResourcesBuildPhase section */
		39581C6B142299BE00146B4F /* Resources */ = {
			isa = PBXResourcesBuildPhase;
			buildActionMask = 2147483647;
			files = (
				39581C7A142299BE00146B4F /* InfoPlist.strings in Resources */,
			);
			runOnlyForDeploymentPostprocessing = 0;
		};
/* End PBXResourcesBuildPhase section */

/* Begin PBXSourcesBuildPhase section */
		39581C69142299BE00146B4F /* Sources */ = {
			isa = PBXSourcesBuildPhase;
			buildActionMask = 2147483647;
			files = (
				39581C7C142299BE00146B4F /* main.m in Sources */,
				39581C80142299BE00146B4F /* AppDelegate.m in Sources */,
				394EF14514229BB00005C045 /* FKBaseViewController.m in Sources */,
				394EF1991422A2670005C045 /* FKBaseTableViewController.m in Sources */,
				39DF5E121424CCAC00090805 /* NSUserDefaults+FKAppAdditions.m in Sources */,
			);
			runOnlyForDeploymentPostprocessing = 0;
		};
/* End PBXSourcesBuildPhase section */

/* Begin PBXTargetDependency section */
		39DF5D181424AC4B00090805 /* PBXTargetDependency */ = {
			isa = PBXTargetDependency;
			name = iOSKit;
			targetProxy = 39DF5D171424AC4B00090805 /* PBXContainerItemProxy */;
		};
		39DF5D691424B1BC00090805 /* PBXTargetDependency */ = {
			isa = PBXTargetDependency;
			name = BlocksKit;
			targetProxy = 39DF5D681424B1BC00090805 /* PBXContainerItemProxy */;
		};
/* End PBXTargetDependency section */

/* Begin PBXVariantGroup section */
		39581C78142299BE00146B4F /* InfoPlist.strings */ = {
			isa = PBXVariantGroup;
			children = (
				39581C79142299BE00146B4F /* en */,
			);
			name = InfoPlist.strings;
			sourceTree = "<group>";
		};
/* End PBXVariantGroup section */

/* Begin XCBuildConfiguration section */
		39581C81142299BE00146B4F /* Debug */ = {
			isa = XCBuildConfiguration;
			buildSettings = {
				ALWAYS_SEARCH_USER_PATHS = NO;
				ARCHS = "$(ARCHS_STANDARD_32_BIT)";
				CLANG_ENABLE_OBJC_ARC = YES;
				"CODE_SIGN_IDENTITY[sdk=iphoneos*]" = "iPhone Developer";
				COPY_PHASE_STRIP = NO;
				GCC_C_LANGUAGE_STANDARD = gnu99;
				GCC_DYNAMIC_NO_PIC = NO;
				GCC_OPTIMIZATION_LEVEL = 0;
				GCC_PREPROCESSOR_DEFINITIONS = (
					"DEBUG=1",
					"$(inherited)",
				);
				GCC_SYMBOLS_PRIVATE_EXTERN = NO;
				GCC_VERSION = com.apple.compilers.llvm.clang.1_0;
				GCC_WARN_ABOUT_MISSING_PROTOTYPES = YES;
				GCC_WARN_ABOUT_RETURN_TYPE = YES;
				GCC_WARN_UNUSED_VARIABLE = YES;
				HEADER_SEARCH_PATHS = (
					"../BlocksKit/**",
					"../iOSKit/**",
				);
				IPHONEOS_DEPLOYMENT_TARGET = 5.0;
				OTHER_LDFLAGS = (
					"-all_load",
					"-ObjC",
				);
				SDKROOT = iphoneos;
				TARGETED_DEVICE_FAMILY = "1,2";
			};
			name = Debug;
		};
		39581C82142299BE00146B4F /* Release */ = {
			isa = XCBuildConfiguration;
			buildSettings = {
				ALWAYS_SEARCH_USER_PATHS = NO;
				ARCHS = "$(ARCHS_STANDARD_32_BIT)";
				CLANG_ENABLE_OBJC_ARC = YES;
				"CODE_SIGN_IDENTITY[sdk=iphoneos*]" = "iPhone Developer";
				COPY_PHASE_STRIP = YES;
				GCC_C_LANGUAGE_STANDARD = gnu99;
				GCC_VERSION = com.apple.compilers.llvm.clang.1_0;
				GCC_WARN_ABOUT_MISSING_PROTOTYPES = YES;
				GCC_WARN_ABOUT_RETURN_TYPE = YES;
				GCC_WARN_UNUSED_VARIABLE = YES;
				HEADER_SEARCH_PATHS = (
					"../BlocksKit/**",
					"../iOSKit/**",
				);
				IPHONEOS_DEPLOYMENT_TARGET = 5.0;
				OTHER_CFLAGS = "-DNS_BLOCK_ASSERTIONS=1";
				OTHER_LDFLAGS = (
					"-all_load",
					"-ObjC",
				);
				SDKROOT = iphoneos;
				TARGETED_DEVICE_FAMILY = "1,2";
				VALIDATE_PRODUCT = YES;
			};
			name = Release;
		};
		39581C84142299BE00146B4F /* Debug */ = {
			isa = XCBuildConfiguration;
			buildSettings = {
				GCC_PRECOMPILE_PREFIX_HEADER = YES;
				GCC_PREFIX_HEADER = App/Prefix.pch;
				INFOPLIST_FILE = App/Info.plist;
				PRODUCT_NAME = "$(TARGET_NAME)";
				WRAPPER_EXTENSION = app;
			};
			name = Debug;
		};
		39581C85142299BE00146B4F /* Release */ = {
			isa = XCBuildConfiguration;
			buildSettings = {
				GCC_PRECOMPILE_PREFIX_HEADER = YES;
				GCC_PREFIX_HEADER = App/Prefix.pch;
				INFOPLIST_FILE = App/Info.plist;
				PRODUCT_NAME = "$(TARGET_NAME)";
				WRAPPER_EXTENSION = app;
			};
			name = Release;
		};
/* End XCBuildConfiguration section */

/* Begin XCConfigurationList section */
		39581C67142299BE00146B4F /* Build configuration list for PBXProject "App" */ = {
			isa = XCConfigurationList;
			buildConfigurations = (
				39581C81142299BE00146B4F /* Debug */,
				39581C82142299BE00146B4F /* Release */,
			);
			defaultConfigurationIsVisible = 0;
			defaultConfigurationName = Release;
		};
		39581C83142299BE00146B4F /* Build configuration list for PBXNativeTarget "App" */ = {
			isa = XCConfigurationList;
			buildConfigurations = (
				39581C84142299BE00146B4F /* Debug */,
				39581C85142299BE00146B4F /* Release */,
			);
			defaultConfigurationIsVisible = 0;
			defaultConfigurationName = Release;
		};
/* End XCConfigurationList section */
	};
	rootObject = 39581C64142299BE00146B4F /* Project object */;
}
